
Microsoft Visual Studio Solution File, Format Version 12.00
# Visual Studio Version 16
VisualStudioVersion = 16.0.29911.84
MinimumVisualStudioVersion = 10.0.40219.1
Project("{FAE04EC0-301F-11D3-BF4B-00C04F79EFBC}") = "ImageCompressApi", "ImageCompressApi.csproj", "{3D96E01C-E41F-48B7-9C67-70D57FC8AC98}"
EndProject
Global
	GlobalSection(SolutionConfigurationPlatforms) = preSolution
		Debug|Any CPU = Debug|Any CPU
		Release|Any CPU = Release|Any CPU
	EndGlobalSection
	GlobalSection(ProjectConfigurationPlatforms) = postSolution
		{3D96E01C-E41F-48B7-9C67-70D57FC8AC98}.Debug|Any CPU.ActiveCfg = Debug|Any CPU
		{3D96E01C-E41F-48B7-9C67-70D57FC8AC98}.Debug|Any CPU.Build.0 = Debug|Any CPU
		{3D96E01C-E41F-48B7-9C67-70D57FC8AC98}.Release|Any CPU.ActiveCfg = Release|Any CPU
		{3D96E01C-E41F-48B7-9C67-70D57FC8AC98}.Release|Any CPU.Build.0 = Release|Any CPU
	EndGlobalSection
	GlobalSection(SolutionProperties) = preSolution
		HideSolutionNode = FALSE
	EndGlobalSection
	GlobalSection(ExtensibilityGlobals) = postSolution
		SolutionGuid = {A37C30CA-49E6-4F32-8322-B32F01F18D6A}
	EndGlobalSection
EndGlobal
